
Microsoft Visual Studio Solution File, Format Version 12.00
# Visual Studio 15
VisualStudioVersion = 15.0.28307.168
MinimumVisualStudioVersion = 10.0.40219.1
Project("{9A19103F-16F7-4668-BE54-9A1E7A4F7556}") = "IdentityServer", "IdentityServer\IdentityServer.csproj", "{4B345B55-8665-4D1C-AE3F-A35D8798AABF}"
EndProject
Project("{9A19103F-16F7-4668-BE54-9A1E7A4F7556}") = "ApiResource", "ApiResource\ApiResource.csproj", "{F256947B-C9E1-4313-BC89-1EA7F4A41448}"
EndProject
Project("{FAE04EC0-301F-11D3-BF4B-00C04F79EFBC}") = "Client", "Client\Client.csproj", "{1804F122-4D7A-428A-8F5C-D6963B6419FF}"
EndProject
Global
	GlobalSection(SolutionConfigurationPlatforms) = preSolution
		Debug|Any CPU = Debug|Any CPU
		Release|Any CPU = Release|Any CPU
	EndGlobalSection
	GlobalSection(ProjectConfigurationPlatforms) = postSolution
		{4B345B55-8665-4D1C-AE3F-A35D8798AABF}.Debug|Any CPU.ActiveCfg = Debug|Any CPU
		{4B345B55-8665-4D1C-AE3F-A35D8798AABF}.Debug|Any CPU.Build.0 = Debug|Any CPU
		{4B345B55-8665-4D1C-AE3F-A35D8798AABF}.Release|Any CPU.ActiveCfg = Release|Any CPU
		{4B345B55-8665-4D1C-AE3F-A35D8798AABF}.Release|Any CPU.Build.0 = Release|Any CPU
		{F256947B-C9E1-4313-BC89-1EA7F4A41448}.Debug|Any CPU.ActiveCfg = Debug|Any CPU
		{F256947B-C9E1-4313-BC89-1EA7F4A41448}.Debug|Any CPU.Build.0 = Debug|Any CPU
		{F256947B-C9E1-4313-BC89-1EA7F4A41448}.Release|Any CPU.ActiveCfg = Release|Any CPU
		{F256947B-C9E1-4313-BC89-1EA7F4A41448}.Release|Any CPU.Build.0 = Release|Any CPU
		{1804F122-4D7A-428A-8F5C-D6963B6419FF}.Debug|Any CPU.ActiveCfg = Debug|Any CPU
		{1804F122-4D7A-428A-8F5C-D6963B6419FF}.Debug|Any CPU.Build.0 = Debug|Any CPU
		{1804F122-4D7A-428A-8F5C-D6963B6419FF}.Release|Any CPU.ActiveCfg = Release|Any CPU
		{1804F122-4D7A-428A-8F5C-D6963B6419FF}.Release|Any CPU.Build.0 = Release|Any CPU
	EndGlobalSection
	GlobalSection(SolutionProperties) = preSolution
		HideSolutionNode = FALSE
	EndGlobalSection
	GlobalSection(ExtensibilityGlobals) = postSolution
		SolutionGuid = {4EE18641-E8BC-41D9-8CCB-5278B8937206}
	EndGlobalSection
EndGlobal
